
Microsoft Visual Studio Solution File, Format Version 12.00
# Visual Studio Version 17
VisualStudioVersion = 17.0.32112.339
MinimumVisualStudioVersion = 10.0.40219.1
Project("{9A19103F-16F7-4668-BE54-9A1E7A4F7556}") = "WebApiCore", "src\WebApiCore\WebApiCore.csproj", "{F61DEEA0-9C92-4709-8A78-8025BBEACE2A}"
EndProject
Project("{9A19103F-16F7-4668-BE54-9A1E7A4F7556}") = "WebApiJWTServer", "src\WebApiJWTServer\WebApiJWTServer.csproj", "{B4F9B28A-C254-4B65-9179-D5B77BD882EB}"
EndProject
Project("{9A19103F-16F7-4668-BE54-9A1E7A4F7556}") = "WebApiJWTClient", "src\WebApiJWTClient\WebApiJWTClient.csproj", "{E6AA89CF-ECF2-4CBD-BEE3-4AE32479BF77}"
EndProject
Project("{2150E333-8FDC-42A3-9474-1A3956D46DE8}") = "Client", "Client", "{0A370AD4-3E42-4AEA-9A23-08343BD4139D}"
EndProject
Project("{2150E333-8FDC-42A3-9474-1A3956D46DE8}") = "Server", "Server", "{B0D1C40A-65E5-439C-9E2D-9C0CEF699814}"
EndProject
Project("{9A19103F-16F7-4668-BE54-9A1E7A4F7556}") = "WebMVCJWTClient", "src\WebMVCJWTClient\WebMVCJWTClient.csproj", "{3B93358C-77B5-49B0-BD3D-58F3F7F85A72}"
EndProject
Global
	GlobalSection(SolutionConfigurationPlatforms) = preSolution
		Debug|Any CPU = Debug|Any CPU
		Release|Any CPU = Release|Any CPU
	EndGlobalSection
	GlobalSection(ProjectConfigurationPlatforms) = postSolution
		{F61DEEA0-9C92-4709-8A78-8025BBEACE2A}.Debug|Any CPU.ActiveCfg = Debug|Any CPU
		{F61DEEA0-9C92-4709-8A78-8025BBEACE2A}.Debug|Any CPU.Build.0 = Debug|Any CPU
		{F61DEEA0-9C92-4709-8A78-8025BBEACE2A}.Release|Any CPU.ActiveCfg = Release|Any CPU
		{F61DEEA0-9C92-4709-8A78-8025BBEACE2A}.Release|Any CPU.Build.0 = Release|Any CPU
		{B4F9B28A-C254-4B65-9179-D5B77BD882EB}.Debug|Any CPU.ActiveCfg = Debug|Any CPU
		{B4F9B28A-C254-4B65-9179-D5B77BD882EB}.Debug|Any CPU.Build.0 = Debug|Any CPU
		{B4F9B28A-C254-4B65-9179-D5B77BD882EB}.Release|Any CPU.ActiveCfg = Release|Any CPU
		{B4F9B28A-C254-4B65-9179-D5B77BD882EB}.Release|Any CPU.Build.0 = Release|Any CPU
		{E6AA89CF-ECF2-4CBD-BEE3-4AE32479BF77}.Debug|Any CPU.ActiveCfg = Debug|Any CPU
		{E6AA89CF-ECF2-4CBD-BEE3-4AE32479BF77}.Debug|Any CPU.Build.0 = Debug|Any CPU
		{E6AA89CF-ECF2-4CBD-BEE3-4AE32479BF77}.Release|Any CPU.ActiveCfg = Release|Any CPU
		{E6AA89CF-ECF2-4CBD-BEE3-4AE32479BF77}.Release|Any CPU.Build.0 = Release|Any CPU
		{3B93358C-77B5-49B0-BD3D-58F3F7F85A72}.Debug|Any CPU.ActiveCfg = Debug|Any CPU
		{3B93358C-77B5-49B0-BD3D-58F3F7F85A72}.Debug|Any CPU.Build.0 = Debug|Any CPU
		{3B93358C-77B5-49B0-BD3D-58F3F7F85A72}.Release|Any CPU.ActiveCfg = Release|Any CPU
		{3B93358C-77B5-49B0-BD3D-58F3F7F85A72}.Release|Any CPU.Build.0 = Release|Any CPU
	EndGlobalSection
	GlobalSection(SolutionProperties) = preSolution
		HideSolutionNode = FALSE
	EndGlobalSection
	GlobalSection(NestedProjects) = preSolution
		{B4F9B28A-C254-4B65-9179-D5B77BD882EB} = {B0D1C40A-65E5-439C-9E2D-9C0CEF699814}
		{E6AA89CF-ECF2-4CBD-BEE3-4AE32479BF77} = {0A370AD4-3E42-4AEA-9A23-08343BD4139D}
		{3B93358C-77B5-49B0-BD3D-58F3F7F85A72} = {0A370AD4-3E42-4AEA-9A23-08343BD4139D}
	EndGlobalSection
	GlobalSection(ExtensibilityGlobals) = postSolution
		SolutionGuid = {3E7BCDC2-387A-4AF2-8FB0-6688AE71BFCB}
	EndGlobalSection
EndGlobal
