
Microsoft Visual Studio Solution File, Format Version 12.00
# Visual Studio Version 17
VisualStudioVersion = 17.0.32112.339
MinimumVisualStudioVersion = 10.0.40219.1
Project("{9A19103F-16F7-4668-BE54-9A1E7A4F7556}") = "AutenticacaoIdentity-JWT", "src\AutenticacaoIdentity-JWT.csproj", "{44602452-E5C5-4FEA-A827-453E9038E1BC}"
EndProject
Global
	GlobalSection(SolutionConfigurationPlatforms) = preSolution
		Debug|Any CPU = Debug|Any CPU
		Release|Any CPU = Release|Any CPU
	EndGlobalSection
	GlobalSection(ProjectConfigurationPlatforms) = postSolution
		{44602452-E5C5-4FEA-A827-453E9038E1BC}.Debug|Any CPU.ActiveCfg = Debug|Any CPU
		{44602452-E5C5-4FEA-A827-453E9038E1BC}.Debug|Any CPU.Build.0 = Debug|Any CPU
		{44602452-E5C5-4FEA-A827-453E9038E1BC}.Release|Any CPU.ActiveCfg = Release|Any CPU
		{44602452-E5C5-4FEA-A827-453E9038E1BC}.Release|Any CPU.Build.0 = Release|Any CPU
	EndGlobalSection
	GlobalSection(SolutionProperties) = preSolution
		HideSolutionNode = FALSE
	EndGlobalSection
	GlobalSection(ExtensibilityGlobals) = postSolution
		SolutionGuid = {3E7BCDC2-387A-4AF2-8FB0-6688AE71BFCB}
	EndGlobalSection
EndGlobal
